{
  "requires": true,
  "lockfileVersion": 1,
  "dependencies": {
    "@types/jquery": {
      "version": "2.0.53",
      "resolved": "https://registry.npmjs.org/@types/jquery/-/jquery-2.0.53.tgz",
      "integrity": "sha512-MZKPWUhp5TKkoJ/58NSq6io+CSUCOHm2b3Z6U4+r9v70kktB0JM+eRjdp6YmDHtw0kK2XB7L2K7/FMIoziHjUA=="
    },
    "angular-froala-wysiwyg": {
      "version": "2.9.2",
      "resolved": "https://registry.npmjs.org/angular-froala-wysiwyg/-/angular-froala-wysiwyg-2.9.2.tgz",
      "integrity": "sha512-EhORSLKUc/lakNDmwECrkX41DvvIAdbttCaoS41TwbFdxJ6BPMLQkuMon8FLCqqsoVR9MVHMskcT0bNTzbEj2g==",
      "requires": {
        "@types/jquery": "^2.0.40",
        "froala-editor": "2.9.2"
      }
    },
    "font-awesome": {
      "version": "4.7.0",
      "resolved": "https://registry.npmjs.org/font-awesome/-/font-awesome-4.7.0.tgz",
      "integrity": "sha1-j6jPBBGhoxr9B7BtKQK7n8gVoTM="
    },
    "froala-editor": {
      "version": "2.9.2",
      "resolved": "https://registry.npmjs.org/froala-editor/-/froala-editor-2.9.2.tgz",
      "integrity": "sha512-4S1x9upI6eyHgzEldt1KE6OajTtXfeT5oyK0egIDEV57oU9rYdOidHW16ViUx90/S3YKMqreq6bExXjmc585pw==",
      "requires": {
        "font-awesome": ">=4.4.0",
        "jquery": ">=1.11.0"
      }
    },
    "jquery": {
      "version": "3.3.1",
      "resolved": "https://registry.npmjs.org/jquery/-/jquery-3.3.1.tgz",
      "integrity": "sha512-Ubldcmxp5np52/ENotGxlLe6aGMvmF4R8S6tZjsP6Knsaxd/xp3Zrh50cG93lR6nPXyUFwzN3ZSOQI0wRJNdGg=="
    },
    "rxjs-compat": {
      "version": "6.3.3",
      "resolved": "https://registry.npmjs.org/rxjs-compat/-/rxjs-compat-6.3.3.tgz",
      "integrity": "sha512-caGN7ixiabHpOofginKEquuHk7GgaCrC7UpUQ9ZqGp80tMc68msadOeP/2AKy2R4YJsT1+TX5GZCtxO82qWkyA=="
    }
  }
}
